{
  "name": "mordren-loikmon",
  "version": "1.0.0",
  "lockfileVersion": 3,
  "requires": true,
  "packages": {
    "": {
      "name": "mordren-loikmon",
      "version": "1.0.0",
      "dependencies": {
        "@fontsource/padauk": "^5.2.8"
      }
    },
    "node_modules/@fontsource/padauk": {
      "version": "5.2.8",
      "resolved": "https://registry.npmjs.org/@fontsource/padauk/-/padauk-5.2.8.tgz",
      "integrity": "sha512-57WBW/wFX4sNoEB2yhmWS84vh+CJc1V3yJYOAoil4Hr3WMKFojw/WcdLUhK1/lgsMDNsoeH1YzvhqRdXFiXx/A==",
      "license": "OFL-1.1",
      "funding": {
        "url": "https://github.com/sponsors/ayuhito"
      }
    }
  }
}
